
Microsoft Visual Studio Solution File, Format Version 12.00
# Visual Studio 15
VisualStudioVersion = 15.0.28307.168
MinimumVisualStudioVersion = 10.0.40219.1
Project("{9A19103F-16F7-4668-BE54-9A1E7A4F7556}") = "GovCheck", "GovCheck.csproj", "{1FDF7CBE-8B2D-4E4A-8980-A1D90EB38B20}"
EndProject
Global
	GlobalSection(SolutionConfigurationPlatforms) = preSolution
		Debug|Any CPU = Debug|Any CPU
		Release|Any CPU = Release|Any CPU
	EndGlobalSection
	GlobalSection(ProjectConfigurationPlatforms) = postSolution
		{1FDF7CBE-8B2D-4E4A-8980-A1D90EB38B20}.Debug|Any CPU.ActiveCfg = Debug|Any CPU
		{1FDF7CBE-8B2D-4E4A-8980-A1D90EB38B20}.Debug|Any CPU.Build.0 = Debug|Any CPU
		{1FDF7CBE-8B2D-4E4A-8980-A1D90EB38B20}.Release|Any CPU.ActiveCfg = Release|Any CPU
		{1FDF7CBE-8B2D-4E4A-8980-A1D90EB38B20}.Release|Any CPU.Build.0 = Release|Any CPU
	EndGlobalSection
	GlobalSection(SolutionProperties) = preSolution
		HideSolutionNode = FALSE
	EndGlobalSection
	GlobalSection(ExtensibilityGlobals) = postSolution
		SolutionGuid = {3FC9219A-17B2-4B40-A0C6-0F2E41A84260}
	EndGlobalSection
EndGlobal
